# LOCK -- written by core/publish_version.py after a successful publish.
# This is what makes 'which exact data did model X train on?' answerable.
version: v7.1
clearml_dataset_id: 89357a3ef5af41a48d43b5252ded4e66
clearml_version: '7.1'
gcs_url: gs://live-nifty-pipeline/final_pipeline/dvc/files/md5/09/5c16405517569949cfb92fa6a72580
git_sha: c91ebf3b97d16af5c4a276d03407d86f9e92b8b5
parquet_sha256: dca684e93bbaa945678da1a4ad4f615dfe101fb37ef9b416ff70528d5308748e
recipe_sha256: 4167618edd580c96f2b729868f7a2311d6459d2c1b9be0b204e47665219fe722
labels_sha256: c601cf5fe1440abd866a9ae76d02df651fc4031669191443ba1d395985042e1e
rows: 915347
n_features: 30
per_feature:
- name: v7_train
  file: bucket/V7_TRAIN.parquet
  column_clocks: {}
  clock_minutes: 1
  clock_source: measured
  clock_measured: {}
  clock_overrides: {}
  na_policy: sentinel
  na_treatment:
    policy: sentinel
    for_model: native
    columns:
      bar_conviction_bar_conviction:
        filled: MISSING
        n: 5
      candle_pattern_live_label:
        filled: MISSING
        n: 1
      level_proximity_range_state:
        filled: MISSING
        n: 375
      momentum_state_state:
        filled: MISSING
        n: 5
      pullback_severity_pullback_severity:
        filled: MISSING
        n: 5
      structural_position_structural_position_120m:
        filled: MISSING
        n: 156
      structural_position_structural_position_60m:
        filled: MISSING
        n: 157
      structural_position_structural_position_1d:
        filled: MISSING
        n: 375
      trend_direction_trend_direction:
        filled: MISSING
        n: 5
      trend_maturity_maturity_name:
        filled: MISSING
        n: 5
      volume_quality_Volume_Quality:
        filled: MISSING
        n: 7500
      vol_level_vol_level_pct60d_ord:
        kept_nan: true
        n: 4059
      vol_level_vol_level_ord:
        kept_nan: true
        n: 7500
      candle_pattern_vote_sum:
        kept_nan: true
        n: 1
      dc_pos_275_bucket_features__dc_pos_275_bucket:
        kept_nan: true
        n: 275
    na_in_built_output:
      bar_conviction_bar_conviction: 106500
      breakout_state_breakout_state: 106500
      candle_pattern_live_label: 106500
      flow_state_bucket_buy_footprints: 106500
      flow_state_bucket_sell_footprints: 106500
      flow_state_acc_share60: 106500
      flow_state_is_distribution: 106500
      flow_state_Flow_State_Label: 106500
      gap_state_gap_state: 106500
      intraday_positioning_Intraday_Positioning: 106500
      level_proximity_res_state: 106500
      level_proximity_sup_state: 106500
      level_proximity_range_state: 106500
      momentum_state_state: 106500
      pullback_severity_pullback_severity: 106500
      stress_signal_label_combined: 106500
      smc_structure_smc_state: 106500
      structural_position_structural_position_120m: 106500
      structural_position_structural_position_60m: 106500
      structural_position_structural_position_1d: 106500
      trend_direction_trend_direction: 106500
      trend_maturity_maturity_name: 106500
      volume_quality_Volume_Quality: 106500
      vwap_microstructure_vwap_microstructure: 106500
      vol_level_vol_level_pct60d_ord: 110559
      vol_level_vol_level_ord: 114000
      fade_risk_fade_risk: 106500
      nifty_context_features__Expiry_Flag: 106500
      candle_pattern_vote_sum: 106501
      dc_pos_275_bucket_features__dc_pos_275_bucket: 106775
  categorical:
  - bar_conviction_bar_conviction
  - breakout_state_breakout_state
  - candle_pattern_live_label
  - flow_state_Flow_State_Label
  - gap_state_gap_state
  - intraday_positioning_Intraday_Positioning
  - level_proximity_res_state
  - level_proximity_sup_state
  - level_proximity_range_state
  - momentum_state_state
  - pullback_severity_pullback_severity
  - stress_signal_label_combined
  - smc_structure_smc_state
  - structural_position_structural_position_120m
  - structural_position_structural_position_60m
  - structural_position_structural_position_1d
  - trend_direction_trend_direction
  - trend_maturity_maturity_name
  - volume_quality_Volume_Quality
  - vwap_microstructure_vwap_microstructure
  parquet_sha256: c1e7498ad2dd3609756957d4cd2f90e3f8d184bb276279da15382be61ce70dda
  columns:
  - bar_conviction_bar_conviction
  - breakout_state_breakout_state
  - candle_pattern_live_label
  - flow_state_bucket_buy_footprints
  - flow_state_bucket_sell_footprints
  - flow_state_acc_share60
  - flow_state_is_distribution
  - flow_state_Flow_State_Label
  - gap_state_gap_state
  - intraday_positioning_Intraday_Positioning
  - level_proximity_res_state
  - level_proximity_sup_state
  - level_proximity_range_state
  - momentum_state_state
  - pullback_severity_pullback_severity
  - stress_signal_label_combined
  - smc_structure_smc_state
  - structural_position_structural_position_120m
  - structural_position_structural_position_60m
  - structural_position_structural_position_1d
  - trend_direction_trend_direction
  - trend_maturity_maturity_name
  - volume_quality_Volume_Quality
  - vwap_microstructure_vwap_microstructure
  - vol_level_vol_level_pct60d_ord
  - vol_level_vol_level_ord
  - fade_risk_fade_risk
  - nifty_context_features__Expiry_Flag
  - candle_pattern_vote_sum
  - dc_pos_275_bucket_features__dc_pos_275_bucket
published_at: '2026-08-03T10:45:43+00:00'
