# LOCK -- written by core/publish_version.py after a successful publish.
# This is what makes 'which exact data did model X train on?' answerable.
version: v10
clearml_dataset_id: 0d26d56034e8401996fabc1d0211df8d
clearml_version: '10.0'
gcs_url: gs://live-nifty-pipeline/final_pipeline/dvc/files/md5/ad/6213884b8ee3d81f73dac10a624ce1
git_sha: 5415e64dfa1c8aa5e92aad869aaa1673a69be821
parquet_sha256: 817fe1ab8a1840bc0dd5f2a76fec4c6f723df39ceb28322f32d03494f892246a
recipe_sha256: 60dba6cec7ba4a67f7f5808096a988fc9b60732510450420a74d3cb08410e024
labels_sha256: 14d620a605eaf4fc3b72b500c5c89d5d982f6c86806fd7b14b5a70a42ef90671
rows: 915347
n_features: 22
per_feature:
- name: v7_train
  file: bucket/V7_TRAIN.parquet
  column_clocks: {}
  clock_minutes: 1
  clock_source: measured
  clock_measured: {}
  clock_overrides: {}
  na_policy: sentinel
  na_treatment:
    policy: sentinel
    for_model: native
    columns:
      bar_conviction_bar_conviction:
        filled: MISSING
        n: 5
      candle_pattern_live_label:
        filled: MISSING
        n: 1
      level_proximity_range_state:
        filled: MISSING
        n: 375
      momentum_state_state:
        filled: MISSING
        n: 5
      pullback_severity_pullback_severity:
        filled: MISSING
        n: 5
      structural_position_structural_position_120m:
        filled: MISSING
        n: 156
      structural_position_structural_position_60m:
        filled: MISSING
        n: 157
      structural_position_structural_position_1d:
        filled: MISSING
        n: 375
      trend_direction_trend_direction:
        filled: MISSING
        n: 5
      trend_maturity_maturity_name:
        filled: MISSING
        n: 5
      volume_quality_Volume_Quality:
        filled: MISSING
        n: 7500
      vol_level_vol_level_pct60d_ord:
        kept_nan: true
        n: 4059
      vol_level_vol_level_ord:
        kept_nan: true
        n: 7500
      candle_pattern_vote_sum:
        kept_nan: true
        n: 1
      dc_pos_275_bucket_features__dc_pos_275_bucket:
        kept_nan: true
        n: 275
    na_in_built_output:
      bar_conviction_bar_conviction: 106500
      breakout_state_breakout_state: 106500
      candle_pattern_live_label: 106500
      flow_state_bucket_buy_footprints: 106500
      flow_state_bucket_sell_footprints: 106500
      flow_state_acc_share60: 106500
      flow_state_is_distribution: 106500
      flow_state_Flow_State_Label: 106500
      gap_state_gap_state: 106500
      intraday_positioning_Intraday_Positioning: 106500
      level_proximity_res_state: 106500
      level_proximity_sup_state: 106500
      level_proximity_range_state: 106500
      momentum_state_state: 106500
      pullback_severity_pullback_severity: 106500
      stress_signal_label_combined: 106500
      smc_structure_smc_state: 106500
      structural_position_structural_position_120m: 106500
      structural_position_structural_position_60m: 106500
      structural_position_structural_position_1d: 106500
      trend_direction_trend_direction: 106500
      trend_maturity_maturity_name: 106500
      volume_quality_Volume_Quality: 106500
      vwap_microstructure_vwap_microstructure: 106500
      vol_level_vol_level_pct60d_ord: 110559
      vol_level_vol_level_ord: 114000
      fade_risk_fade_risk: 106500
      nifty_context_features__Expiry_Flag: 106500
      candle_pattern_vote_sum: 106501
      dc_pos_275_bucket_features__dc_pos_275_bucket: 106775
  categorical:
  - bar_conviction_bar_conviction
  - breakout_state_breakout_state
  - candle_pattern_live_label
  - flow_state_Flow_State_Label
  - gap_state_gap_state
  - intraday_positioning_Intraday_Positioning
  - level_proximity_res_state
  - level_proximity_sup_state
  - level_proximity_range_state
  - momentum_state_state
  - pullback_severity_pullback_severity
  - stress_signal_label_combined
  - smc_structure_smc_state
  - structural_position_structural_position_120m
  - structural_position_structural_position_60m
  - structural_position_structural_position_1d
  - trend_direction_trend_direction
  - trend_maturity_maturity_name
  - volume_quality_Volume_Quality
  - vwap_microstructure_vwap_microstructure
  parquet_sha256: c1e7498ad2dd3609756957d4cd2f90e3f8d184bb276279da15382be61ce70dda
  columns:
  - bar_conviction_bar_conviction
  - breakout_state_breakout_state
  - candle_pattern_live_label
  - flow_state_bucket_buy_footprints
  - flow_state_bucket_sell_footprints
  - flow_state_acc_share60
  - flow_state_is_distribution
  - flow_state_Flow_State_Label
  - gap_state_gap_state
  - intraday_positioning_Intraday_Positioning
  - level_proximity_res_state
  - level_proximity_sup_state
  - level_proximity_range_state
  - momentum_state_state
  - pullback_severity_pullback_severity
  - stress_signal_label_combined
  - smc_structure_smc_state
  - structural_position_structural_position_120m
  - structural_position_structural_position_60m
  - structural_position_structural_position_1d
  - trend_direction_trend_direction
  - trend_maturity_maturity_name
  - volume_quality_Volume_Quality
  - vwap_microstructure_vwap_microstructure
  - vol_level_vol_level_pct60d_ord
  - vol_level_vol_level_ord
  - fade_risk_fade_risk
  - nifty_context_features__Expiry_Flag
  - candle_pattern_vote_sum
  - dc_pos_275_bucket_features__dc_pos_275_bucket
published_at: '2026-08-08T11:30:58+00:00'
